
Microsoft Visual Studio Solution File, Format Version 12.00
# Visual Studio Version 16
VisualStudioVersion = 16.0.29326.143
MinimumVisualStudioVersion = 10.0.40219.1
Project("{E24C65DC-7377-472B-9ABA-BC803B73C61A}") = "ElConsularis(1)", "..\ElConsularis", "{EB083E06-427E-4A28-B99F-C2F0892DB213}"
	ProjectSection(WebsiteProperties) = preProject
		TargetFrameworkMoniker = ".NETFramework,Version%3Dv4.0"
		Debug.AspNetCompiler.VirtualPath = "/localhost_57053"
		Debug.AspNetCompiler.PhysicalPath = "..\ElConsularis\"
		Debug.AspNetCompiler.TargetPath = "PrecompiledWeb\localhost_57053\"
		Debug.AspNetCompiler.Updateable = "true"
		Debug.AspNetCompiler.ForceOverwrite = "true"
		Debug.AspNetCompiler.FixedNames = "false"
		Debug.AspNetCompiler.Debug = "True"
		Release.AspNetCompiler.VirtualPath = "/localhost_57053"
		Release.AspNetCompiler.PhysicalPath = "..\ElConsularis\"
		Release.AspNetCompiler.TargetPath = "PrecompiledWeb\localhost_57053\"
		Release.AspNetCompiler.Updateable = "true"
		Release.AspNetCompiler.ForceOverwrite = "true"
		Release.AspNetCompiler.FixedNames = "false"
		Release.AspNetCompiler.Debug = "False"
		VWDPort = "57053"
		SlnRelativePath = "..\ElConsularis\"
	EndProjectSection
EndProject
Global
	GlobalSection(SolutionConfigurationPlatforms) = preSolution
		Debug|Any CPU = Debug|Any CPU
	EndGlobalSection
	GlobalSection(ProjectConfigurationPlatforms) = postSolution
		{EB083E06-427E-4A28-B99F-C2F0892DB213}.Debug|Any CPU.ActiveCfg = Debug|Any CPU
		{EB083E06-427E-4A28-B99F-C2F0892DB213}.Debug|Any CPU.Build.0 = Debug|Any CPU
	EndGlobalSection
	GlobalSection(SolutionProperties) = preSolution
		HideSolutionNode = FALSE
	EndGlobalSection
	GlobalSection(ExtensibilityGlobals) = postSolution
		SolutionGuid = {6FF8D7F2-6D11-4ABC-A48E-B4D8D561AB05}
	EndGlobalSection
EndGlobal
